
Microsoft Visual Studio Solution File, Format Version 12.00
# Visual Studio Version 16
VisualStudioVersion = 16.0.31005.135
MinimumVisualStudioVersion = 10.0.40219.1
Project("{9A19103F-16F7-4668-BE54-9A1E7A4F7556}") = "VsValidate", "VsValidate\VsValidate.csproj", "{DFDE40AB-FA80-4690-8436-0B1BFEC8485F}"
EndProject
Project("{FAE04EC0-301F-11D3-BF4B-00C04F79EFBC}") = "VsValidate.Tests", "VsValidate.Tests\VsValidate.Tests.csproj", "{A6EE7D9E-CF77-4D8B-9F12-BC26FCE598D9}"
EndProject
Global
	GlobalSection(SolutionConfigurationPlatforms) = preSolution
		Debug|Any CPU = Debug|Any CPU
		Release|Any CPU = Release|Any CPU
	EndGlobalSection
	GlobalSection(ProjectConfigurationPlatforms) = postSolution
		{DFDE40AB-FA80-4690-8436-0B1BFEC8485F}.Debug|Any CPU.ActiveCfg = Debug|Any CPU
		{DFDE40AB-FA80-4690-8436-0B1BFEC8485F}.Debug|Any CPU.Build.0 = Debug|Any CPU
		{DFDE40AB-FA80-4690-8436-0B1BFEC8485F}.Release|Any CPU.ActiveCfg = Release|Any CPU
		{DFDE40AB-FA80-4690-8436-0B1BFEC8485F}.Release|Any CPU.Build.0 = Release|Any CPU
		{A6EE7D9E-CF77-4D8B-9F12-BC26FCE598D9}.Debug|Any CPU.ActiveCfg = Debug|Any CPU
		{A6EE7D9E-CF77-4D8B-9F12-BC26FCE598D9}.Debug|Any CPU.Build.0 = Debug|Any CPU
		{A6EE7D9E-CF77-4D8B-9F12-BC26FCE598D9}.Release|Any CPU.ActiveCfg = Release|Any CPU
		{A6EE7D9E-CF77-4D8B-9F12-BC26FCE598D9}.Release|Any CPU.Build.0 = Release|Any CPU
	EndGlobalSection
	GlobalSection(SolutionProperties) = preSolution
		HideSolutionNode = FALSE
	EndGlobalSection
	GlobalSection(ExtensibilityGlobals) = postSolution
		SolutionGuid = {E9C93CDB-F10A-484B-A855-E23C43C4C7A6}
	EndGlobalSection
EndGlobal
